{
    "_readme": [
        "This file locks the dependencies of your project to a known state",
        "Read more about it at https://getcomposer.org/doc/01-basic-usage.md#composer-lock-the-lock-file",
        "This file is @generated automatically"
    ],
    "hash": "29a3e1a9b742b083d5df16b986d1d1a1",
    "content-hash": "9f1f5b2f03a8f51599d48a4941893e31",
    "packages": [
        {
            "name": "h4cc/wkhtmltopdf-i386",
            "version": "0.12.3",
            "source": {
                "type": "git",
                "url": "https://github.com/h4cc/wkhtmltopdf-i386.git",
                "reference": "79f2f8ed78d35f5541beceb2ec6fcd01a76e05ba"
            },
            "dist": {
                "type": "zip",
                "url": "https://api.github.com/repos/h4cc/wkhtmltopdf-i386/zipball/79f2f8ed78d35f5541beceb2ec6fcd01a76e05ba",
                "reference": "79f2f8ed78d35f5541beceb2ec6fcd01a76e05ba",
                "shasum": ""
            },
            "bin": [
                "bin/wkhtmltopdf-i386"
            ],
            "type": "library",
            "notification-url": "https://packagist.org/downloads/",
            "license": [
                "LGPL Version 3"
            ],
            "authors": [
                {
                    "name": "Julius Beckmann",
                    "email": "github@h4cc.de"
                }
            ],
            "description": "Convert html to pdf using webkit (qtwebkit). Static linked linux binary for i386 systems.",
            "homepage": "http://wkhtmltopdf.org/",
            "keywords": [
                "binary",
                "convert",
                "pdf",
                "snapshot",
                "thumbnail",
                "wkhtmltopdf"
            ],
            "time": "2016-02-02 19:38:57"
        },
        {
            "name": "knplabs/knp-snappy",
            "version": "0.4.3",
            "source": {
                "type": "git",
                "url": "https://github.com/KnpLabs/snappy.git",
                "reference": "44f7a9b37d5686fd7db4c1e9569a802a5d16923f"
            },
            "dist": {
                "type": "zip",
                "url": "https://api.github.com/repos/KnpLabs/snappy/zipball/44f7a9b37d5686fd7db4c1e9569a802a5d16923f",
                "reference": "44f7a9b37d5686fd7db4c1e9569a802a5d16923f",
                "shasum": ""
            },
            "require": {
                "php": ">=5.3.3",
                "symfony/process": "~2.3|~3.0"
            },
            "require-dev": {
                "phpunit/phpunit": "~4.7"
            },
            "suggest": {
                "h4cc/wkhtmltoimage-amd64": "Provides wkhtmltoimage-amd64 binary for Linux-compatible machines, use version `~0.12` as dependency",
                "h4cc/wkhtmltoimage-i386": "Provides wkhtmltoimage-i386 binary for Linux-compatible machines, use version `~0.12` as dependency",
                "h4cc/wkhtmltopdf-amd64": "Provides wkhtmltopdf-amd64 binary for Linux-compatible machines, use version `~0.12` as dependency",
                "h4cc/wkhtmltopdf-i386": "Provides wkhtmltopdf-i386 binary for Linux-compatible machines, use version `~0.12` as dependency",
                "wemersonjanuario/wkhtmltopdf-windows": "Provides wkhtmltopdf executable for Windows, use version `~0.12` as dependency"
            },
            "type": "library",
            "extra": {
                "branch-alias": {
                    "dev-master": "0.5.x-dev"
                }
            },
            "autoload": {
                "psr-0": {
                    "Knp\\Snappy": "src/"
                }
            },
            "notification-url": "https://packagist.org/downloads/",
            "license": [
                "MIT"
            ],
            "authors": [
                {
                    "name": "KnpLabs Team",
                    "homepage": "http://knplabs.com"
                },
                {
                    "name": "Symfony Community",
                    "homepage": "http://github.com/KnpLabs/snappy/contributors"
                }
            ],
            "description": "PHP5 library allowing thumbnail, snapshot or PDF generation from a url or a html page. Wrapper for wkhtmltopdf/wkhtmltoimage.",
            "homepage": "http://github.com/KnpLabs/snappy",
            "keywords": [
                "knp",
                "knplabs",
                "pdf",
                "snapshot",
                "thumbnail",
                "wkhtmltopdf"
            ],
            "time": "2015-11-17 13:16:27"
        },
        {
            "name": "symfony/process",
            "version": "v3.1.5",
            "source": {
                "type": "git",
                "url": "https://github.com/symfony/process.git",
                "reference": "66de154ae86b1a07001da9fbffd620206e4faf94"
            },
            "dist": {
                "type": "zip",
                "url": "https://api.github.com/repos/symfony/process/zipball/66de154ae86b1a07001da9fbffd620206e4faf94",
                "reference": "66de154ae86b1a07001da9fbffd620206e4faf94",
                "shasum": ""
            },
            "require": {
                "php": ">=5.5.9"
            },
            "type": "library",
            "extra": {
                "branch-alias": {
                    "dev-master": "3.1-dev"
                }
            },
            "autoload": {
                "psr-4": {
                    "Symfony\\Component\\Process\\": ""
                },
                "exclude-from-classmap": [
                    "/Tests/"
                ]
            },
            "notification-url": "https://packagist.org/downloads/",
            "license": [
                "MIT"
            ],
            "authors": [
                {
                    "name": "Fabien Potencier",
                    "email": "fabien@symfony.com"
                },
                {
                    "name": "Symfony Community",
                    "homepage": "https://symfony.com/contributors"
                }
            ],
            "description": "Symfony Process Component",
            "homepage": "https://symfony.com",
            "time": "2016-09-29 14:13:09"
        }
    ],
    "packages-dev": [],
    "aliases": [],
    "minimum-stability": "stable",
    "stability-flags": [],
    "prefer-stable": false,
    "prefer-lowest": false,
    "platform": [],
    "platform-dev": []
}
